
Microsoft Visual Studio Solution File, Format Version 12.00
# Visual Studio Version 17
VisualStudioVersion = 17.10.35013.160
MinimumVisualStudioVersion = 10.0.40219.1
Project("{2150E333-8FDC-42A3-9474-1A3956D46DE8}") = "Applications", "Applications", "{3093E097-4655-44EB-8B1D-43E7073D92E3}"
EndProject
Project("{2150E333-8FDC-42A3-9474-1A3956D46DE8}") = "Libraries", "Libraries", "{BC14A47E-A1DC-4D51-A4B3-A82ACBA3D276}"
EndProject
Project("{9A19103F-16F7-4668-BE54-9A1E7A4F7556}") = "SV21T1020035.Web", "SV21T1020035.Web\SV21T1020035.Web.csproj", "{A8329AFC-48EA-43F3-B03B-F4E3BEA2B3A4}"
EndProject
Project("{9A19103F-16F7-4668-BE54-9A1E7A4F7556}") = "SV21T1020035.DomainModels", "SV21T1020035.DomainModels\SV21T1020035.DomainModels.csproj", "{496D7E55-9C83-40B5-BD62-2012C01DF0E2}"
EndProject
Project("{9A19103F-16F7-4668-BE54-9A1E7A4F7556}") = "SV21T1020035.DataLayers", "SV21T1020035.DataLayers\SV21T1020035.DataLayers.csproj", "{BC207C89-0152-4E25-91C8-7A460B0D1723}"
EndProject
Project("{9A19103F-16F7-4668-BE54-9A1E7A4F7556}") = "SV21T1020035.BusinessLayers", "SV21T1020035.BusinessLayers\SV21T1020035.BusinessLayers.csproj", "{92686828-BB63-4D55-AB8E-4D7E7A0680A3}"
EndProject
Project("{FAE04EC0-301F-11D3-BF4B-00C04F79EFBC}") = "SV21T1020035.Shop", "SV21T1020035.Shop\SV21T1020035.Shop.csproj", "{6E9C0D94-3365-4E0C-A25C-B995AF8AC040}"
EndProject
Global
	GlobalSection(SolutionConfigurationPlatforms) = preSolution
		Debug|Any CPU = Debug|Any CPU
		Release|Any CPU = Release|Any CPU
	EndGlobalSection
	GlobalSection(ProjectConfigurationPlatforms) = postSolution
		{A8329AFC-48EA-43F3-B03B-F4E3BEA2B3A4}.Debug|Any CPU.ActiveCfg = Debug|Any CPU
		{A8329AFC-48EA-43F3-B03B-F4E3BEA2B3A4}.Debug|Any CPU.Build.0 = Debug|Any CPU
		{A8329AFC-48EA-43F3-B03B-F4E3BEA2B3A4}.Release|Any CPU.ActiveCfg = Release|Any CPU
		{A8329AFC-48EA-43F3-B03B-F4E3BEA2B3A4}.Release|Any CPU.Build.0 = Release|Any CPU
		{496D7E55-9C83-40B5-BD62-2012C01DF0E2}.Debug|Any CPU.ActiveCfg = Debug|Any CPU
		{496D7E55-9C83-40B5-BD62-2012C01DF0E2}.Debug|Any CPU.Build.0 = Debug|Any CPU
		{496D7E55-9C83-40B5-BD62-2012C01DF0E2}.Release|Any CPU.ActiveCfg = Release|Any CPU
		{496D7E55-9C83-40B5-BD62-2012C01DF0E2}.Release|Any CPU.Build.0 = Release|Any CPU
		{BC207C89-0152-4E25-91C8-7A460B0D1723}.Debug|Any CPU.ActiveCfg = Debug|Any CPU
		{BC207C89-0152-4E25-91C8-7A460B0D1723}.Debug|Any CPU.Build.0 = Debug|Any CPU
		{BC207C89-0152-4E25-91C8-7A460B0D1723}.Release|Any CPU.ActiveCfg = Release|Any CPU
		{BC207C89-0152-4E25-91C8-7A460B0D1723}.Release|Any CPU.Build.0 = Release|Any CPU
		{92686828-BB63-4D55-AB8E-4D7E7A0680A3}.Debug|Any CPU.ActiveCfg = Debug|Any CPU
		{92686828-BB63-4D55-AB8E-4D7E7A0680A3}.Debug|Any CPU.Build.0 = Debug|Any CPU
		{92686828-BB63-4D55-AB8E-4D7E7A0680A3}.Release|Any CPU.ActiveCfg = Release|Any CPU
		{92686828-BB63-4D55-AB8E-4D7E7A0680A3}.Release|Any CPU.Build.0 = Release|Any CPU
		{6E9C0D94-3365-4E0C-A25C-B995AF8AC040}.Debug|Any CPU.ActiveCfg = Debug|Any CPU
		{6E9C0D94-3365-4E0C-A25C-B995AF8AC040}.Debug|Any CPU.Build.0 = Debug|Any CPU
		{6E9C0D94-3365-4E0C-A25C-B995AF8AC040}.Release|Any CPU.ActiveCfg = Release|Any CPU
		{6E9C0D94-3365-4E0C-A25C-B995AF8AC040}.Release|Any CPU.Build.0 = Release|Any CPU
	EndGlobalSection
	GlobalSection(SolutionProperties) = preSolution
		HideSolutionNode = FALSE
	EndGlobalSection
	GlobalSection(NestedProjects) = preSolution
		{A8329AFC-48EA-43F3-B03B-F4E3BEA2B3A4} = {3093E097-4655-44EB-8B1D-43E7073D92E3}
		{496D7E55-9C83-40B5-BD62-2012C01DF0E2} = {BC14A47E-A1DC-4D51-A4B3-A82ACBA3D276}
		{BC207C89-0152-4E25-91C8-7A460B0D1723} = {BC14A47E-A1DC-4D51-A4B3-A82ACBA3D276}
		{92686828-BB63-4D55-AB8E-4D7E7A0680A3} = {BC14A47E-A1DC-4D51-A4B3-A82ACBA3D276}
		{6E9C0D94-3365-4E0C-A25C-B995AF8AC040} = {3093E097-4655-44EB-8B1D-43E7073D92E3}
	EndGlobalSection
	GlobalSection(ExtensibilityGlobals) = postSolution
		SolutionGuid = {27691F39-23E1-4476-8BDB-E67D24323BC3}
	EndGlobalSection
EndGlobal
